// !$*UTF8*$!
{
	archiveVersion = 1;
	classes = {
	};
	objectVersion = 56;
	objects = {

/* Begin PBXBuildFile section */
		230A73D229A4201F00B0A7B8 /* AppDelegate.swift in Sources */ = {isa = PBXBuildFile; fileRef = 230A73D129A4201F00B0A7B8 /* AppDelegate.swift */; };
		230A73D429A4201F00B0A7B8 /* SceneDelegate.swift in Sources */ = {isa = PBXBuildFile; fileRef = 230A73D329A4201F00B0A7B8 /* SceneDelegate.swift */; };
		230A73D629A4201F00B0A7B8 /* FileTableViewController.swift in Sources */ = {isa = PBXBuildFile; fileRef = 230A73D529A4201F00B0A7B8 /* FileTableViewController.swift */; };
		230A73DB29A4202100B0A7B8 /* Assets.xcassets in Resources */ = {isa = PBXBuildFile; fileRef = 230A73DA29A4202100B0A7B8 /* Assets.xcassets */; };
		230A73E629A421EA00B0A7B8 /* FileWatcher.swift in Sources */ = {isa = PBXBuildFile; fileRef = 230A73E529A421EA00B0A7B8 /* FileWatcher.swift */; };
		230A73E829A4265D00B0A7B8 /* FileDescriptor.swift in Sources */ = {isa = PBXBuildFile; fileRef = 230A73E729A4265D00B0A7B8 /* FileDescriptor.swift */; };
		230A751529A4319600B0A7B8 /* Main.storyboard in Resources */ = {isa = PBXBuildFile; fileRef = 230A751429A4319600B0A7B8 /* Main.storyboard */; };
		235E57A329A9014000CE9944 /* FileSystemObservable.swift in Sources */ = {isa = PBXBuildFile; fileRef = 235E57A229A9014000CE9944 /* FileSystemObservable.swift */; };
		235E57A529A9030B00CE9944 /* FileSystemEventPropagator.swift in Sources */ = {isa = PBXBuildFile; fileRef = 235E57A429A9030B00CE9944 /* FileSystemEventPropagator.swift */; };
		235E58CC29ABD57D00CE9944 /* SegmentedFileWatcherViewController.swift in Sources */ = {isa = PBXBuildFile; fileRef = 235E58CB29ABD57D00CE9944 /* SegmentedFileWatcherViewController.swift */; };
		235E58D029AD073500CE9944 /* FileDescriptorEvent.swift in Sources */ = {isa = PBXBuildFile; fileRef = 235E58CF29AD073500CE9944 /* FileDescriptorEvent.swift */; };
		235E58D229AD0C0400CE9944 /* FileWatcherCoordinator.swift in Sources */ = {isa = PBXBuildFile; fileRef = 235E58D129AD0C0400CE9944 /* FileWatcherCoordinator.swift */; };
		235E58D429AD0C4800CE9944 /* FileDescriptorEventTransformStrategy.swift in Sources */ = {isa = PBXBuildFile; fileRef = 235E58D329AD0C4800CE9944 /* FileDescriptorEventTransformStrategy.swift */; };
		235E58D629AD190E00CE9944 /* TotalFilesTransformationStrategy.swift in Sources */ = {isa = PBXBuildFile; fileRef = 235E58D529AD190E00CE9944 /* TotalFilesTransformationStrategy.swift */; };
		235E58D829AD1A6B00CE9944 /* JSONFilesTransformationStrategy.swift in Sources */ = {isa = PBXBuildFile; fileRef = 235E58D729AD1A6B00CE9944 /* JSONFilesTransformationStrategy.swift */; };
		235E59FF29AD1E0800CE9944 /* FileDescriptorViewModel.swift in Sources */ = {isa = PBXBuildFile; fileRef = 235E59FE29AD1E0700CE9944 /* FileDescriptorViewModel.swift */; };
		235E5A0129AD473F00CE9944 /* InspectionsDecodingTransformationStrategy.swift in Sources */ = {isa = PBXBuildFile; fileRef = 235E5A0029AD473F00CE9944 /* InspectionsDecodingTransformationStrategy.swift */; };
		235E5A0329AD4BAF00CE9944 /* EventLoggerViewController.swift in Sources */ = {isa = PBXBuildFile; fileRef = 235E5A0229AD4BAF00CE9944 /* EventLoggerViewController.swift */; };
		235E5A0A29AD55E700CE9944 /* InspectionTableViewController.swift in Sources */ = {isa = PBXBuildFile; fileRef = 235E5A0929AD55E700CE9944 /* InspectionTableViewController.swift */; };
		235E5A0C29AD578100CE9944 /* InspectionViewModel.swift in Sources */ = {isa = PBXBuildFile; fileRef = 235E5A0B29AD578100CE9944 /* InspectionViewModel.swift */; };
		235E5A0E29AD57D500CE9944 /* FileDescriptorViewDelegate.swift in Sources */ = {isa = PBXBuildFile; fileRef = 235E5A0D29AD57D500CE9944 /* FileDescriptorViewDelegate.swift */; };
		235E5A1029AD57F600CE9944 /* InspectionViewDelegate.swift in Sources */ = {isa = PBXBuildFile; fileRef = 235E5A0F29AD57F600CE9944 /* InspectionViewDelegate.swift */; };
		235E5B3F29ADAF8300CE9944 /* IndividualInspectionFileTransformStrategy.swift in Sources */ = {isa = PBXBuildFile; fileRef = 235E5B3E29ADAF8300CE9944 /* IndividualInspectionFileTransformStrategy.swift */; };
		235E5B4229AE616300CE9944 /* FileDescriptorEventDelegate.swift in Sources */ = {isa = PBXBuildFile; fileRef = 235E5B4129AE616300CE9944 /* FileDescriptorEventDelegate.swift */; };
		235E5B4429AE66AD00CE9944 /* IndividualFileLoggerViewController.swift in Sources */ = {isa = PBXBuildFile; fileRef = 235E5B4329AE66AD00CE9944 /* IndividualFileLoggerViewController.swift */; };
		235E5C6C29AFB6C200CE9944 /* AsyncAlgorithms in Frameworks */ = {isa = PBXBuildFile; productRef = 235E5C6B29AFB6C200CE9944 /* AsyncAlgorithms */; };
		235E5D9629B1153E00CE9944 /* FileAttributesDictionary+Equatable.swift in Sources */ = {isa = PBXBuildFile; fileRef = 235E5D9529B1153E00CE9944 /* FileAttributesDictionary+Equatable.swift */; };
		235E5FE529B4EDA100CE9944 /* EventLogTableViewCell.swift in Sources */ = {isa = PBXBuildFile; fileRef = 235E5FE429B4EDA100CE9944 /* EventLogTableViewCell.swift */; };
		235E5FE729B4F18E00CE9944 /* EventLogViewModel.swift in Sources */ = {isa = PBXBuildFile; fileRef = 235E5FE629B4F18E00CE9944 /* EventLogViewModel.swift */; };
		235E5FEA29B4FCCB00CE9944 /* FileResource.swift in Sources */ = {isa = PBXBuildFile; fileRef = 235E5FE929B4FCCB00CE9944 /* FileResource.swift */; };
		23789AD629B4FD5B00694F7E /* FileResourceToken.swift in Sources */ = {isa = PBXBuildFile; fileRef = 23789AD529B4FD5B00694F7E /* FileResourceToken.swift */; };
		23789AD829B4FD8700694F7E /* DirectoryResourceObserver.swift in Sources */ = {isa = PBXBuildFile; fileRef = 23789AD729B4FD8700694F7E /* DirectoryResourceObserver.swift */; };
		23789ADA29B4FE1800694F7E /* FileObservedEvent.swift in Sources */ = {isa = PBXBuildFile; fileRef = 23789AD929B4FE1800694F7E /* FileObservedEvent.swift */; };
		23789ADC29B4FE4400694F7E /* FileResourceRegistry.swift in Sources */ = {isa = PBXBuildFile; fileRef = 23789ADB29B4FE4400694F7E /* FileResourceRegistry.swift */; };
		23C3863229BA31B700F82942 /* DirectoryResourceObserverDelegate.swift in Sources */ = {isa = PBXBuildFile; fileRef = 23C3863129BA31B700F82942 /* DirectoryResourceObserverDelegate.swift */; };
		23C3863429BA89E800F82942 /* AllFilesDynamicTableViewController.swift in Sources */ = {isa = PBXBuildFile; fileRef = 23C3863329BA89E800F82942 /* AllFilesDynamicTableViewController.swift */; };
		23C3863629BA8B6200F82942 /* RepresentedFileTableViewCell.swift in Sources */ = {isa = PBXBuildFile; fileRef = 23C3863529BA8B6200F82942 /* RepresentedFileTableViewCell.swift */; };
		23C3909829C9017E00F82942 /* InspectionsController.swift in Sources */ = {isa = PBXBuildFile; fileRef = 23C3909729C9017E00F82942 /* InspectionsController.swift */; };
		23C3909A29C9060500F82942 /* FileTransformer.swift in Sources */ = {isa = PBXBuildFile; fileRef = 23C3909929C9060500F82942 /* FileTransformer.swift */; };
		23F9DC2229A5AA8000EE2777 /* FileDescriptorTableViewCell.swift in Sources */ = {isa = PBXBuildFile; fileRef = 23F9DC2129A5AA8000EE2777 /* FileDescriptorTableViewCell.swift */; };
		23F9DC2829A6CB1A00EE2777 /* FileManager+Extensions.swift in Sources */ = {isa = PBXBuildFile; fileRef = 23F9DC2729A6CB1A00EE2777 /* FileManager+Extensions.swift */; };
		23F9DC2C29A6D0D500EE2777 /* UTType+Convenience.swift in Sources */ = {isa = PBXBuildFile; fileRef = 23F9DC2B29A6D0D500EE2777 /* UTType+Convenience.swift */; };
/* End PBXBuildFile section */

/* Begin PBXFileReference section */
		230A73CE29A4201F00B0A7B8 /* File System Watching.app */ = {isa = PBXFileReference; explicitFileType = wrapper.application; includeInIndex = 0; path = "File System Watching.app"; sourceTree = BUILT_PRODUCTS_DIR; };
		230A73D129A4201F00B0A7B8 /* AppDelegate.swift */ = {isa = PBXFileReference; lastKnownFileType = sourcecode.swift; path = AppDelegate.swift; sourceTree = "<group>"; };
		230A73D329A4201F00B0A7B8 /* SceneDelegate.swift */ = {isa = PBXFileReference; lastKnownFileType = sourcecode.swift; path = SceneDelegate.swift; sourceTree = "<group>"; };
		230A73D529A4201F00B0A7B8 /* FileTableViewController.swift */ = {isa = PBXFileReference; lastKnownFileType = sourcecode.swift; path = FileTableViewController.swift; sourceTree = "<group>"; };
		230A73DA29A4202100B0A7B8 /* Assets.xcassets */ = {isa = PBXFileReference; lastKnownFileType = folder.assetcatalog; path = Assets.xcassets; sourceTree = "<group>"; };
		230A73DF29A4202100B0A7B8 /* Info.plist */ = {isa = PBXFileReference; lastKnownFileType = text.plist.xml; path = Info.plist; sourceTree = "<group>"; };
		230A73E529A421EA00B0A7B8 /* FileWatcher.swift */ = {isa = PBXFileReference; lastKnownFileType = sourcecode.swift; path = FileWatcher.swift; sourceTree = "<group>"; };
		230A73E729A4265D00B0A7B8 /* FileDescriptor.swift */ = {isa = PBXFileReference; lastKnownFileType = sourcecode.swift; path = FileDescriptor.swift; sourceTree = "<group>"; };
		230A751429A4319600B0A7B8 /* Main.storyboard */ = {isa = PBXFileReference; fileEncoding = 4; lastKnownFileType = file.storyboard; path = Main.storyboard; sourceTree = "<group>"; };
		235E57A229A9014000CE9944 /* FileSystemObservable.swift */ = {isa = PBXFileReference; lastKnownFileType = sourcecode.swift; path = FileSystemObservable.swift; sourceTree = "<group>"; };
		235E57A429A9030B00CE9944 /* FileSystemEventPropagator.swift */ = {isa = PBXFileReference; lastKnownFileType = sourcecode.swift; path = FileSystemEventPropagator.swift; sourceTree = "<group>"; };
		235E58CB29ABD57D00CE9944 /* SegmentedFileWatcherViewController.swift */ = {isa = PBXFileReference; lastKnownFileType = sourcecode.swift; path = SegmentedFileWatcherViewController.swift; sourceTree = "<group>"; };
		235E58CF29AD073500CE9944 /* FileDescriptorEvent.swift */ = {isa = PBXFileReference; lastKnownFileType = sourcecode.swift; path = FileDescriptorEvent.swift; sourceTree = "<group>"; };
		235E58D129AD0C0400CE9944 /* FileWatcherCoordinator.swift */ = {isa = PBXFileReference; lastKnownFileType = sourcecode.swift; path = FileWatcherCoordinator.swift; sourceTree = "<group>"; };
		235E58D329AD0C4800CE9944 /* FileDescriptorEventTransformStrategy.swift */ = {isa = PBXFileReference; lastKnownFileType = sourcecode.swift; path = FileDescriptorEventTransformStrategy.swift; sourceTree = "<group>"; };
		235E58D529AD190E00CE9944 /* TotalFilesTransformationStrategy.swift */ = {isa = PBXFileReference; lastKnownFileType = sourcecode.swift; path = TotalFilesTransformationStrategy.swift; sourceTree = "<group>"; };
		235E58D729AD1A6B00CE9944 /* JSONFilesTransformationStrategy.swift */ = {isa = PBXFileReference; lastKnownFileType = sourcecode.swift; path = JSONFilesTransformationStrategy.swift; sourceTree = "<group>"; };
		235E59FE29AD1E0700CE9944 /* FileDescriptorViewModel.swift */ = {isa = PBXFileReference; lastKnownFileType = sourcecode.swift; path = FileDescriptorViewModel.swift; sourceTree = "<group>"; };
		235E5A0029AD473F00CE9944 /* InspectionsDecodingTransformationStrategy.swift */ = {isa = PBXFileReference; lastKnownFileType = sourcecode.swift; path = InspectionsDecodingTransformationStrategy.swift; sourceTree = "<group>"; };
		235E5A0229AD4BAF00CE9944 /* EventLoggerViewController.swift */ = {isa = PBXFileReference; lastKnownFileType = sourcecode.swift; path = EventLoggerViewController.swift; sourceTree = "<group>"; };
		235E5A0929AD55E700CE9944 /* InspectionTableViewController.swift */ = {isa = PBXFileReference; lastKnownFileType = sourcecode.swift; path = InspectionTableViewController.swift; sourceTree = "<group>"; };
		235E5A0B29AD578100CE9944 /* InspectionViewModel.swift */ = {isa = PBXFileReference; lastKnownFileType = sourcecode.swift; path = InspectionViewModel.swift; sourceTree = "<group>"; };
		235E5A0D29AD57D500CE9944 /* FileDescriptorViewDelegate.swift */ = {isa = PBXFileReference; lastKnownFileType = sourcecode.swift; path = FileDescriptorViewDelegate.swift; sourceTree = "<group>"; };
		235E5A0F29AD57F600CE9944 /* InspectionViewDelegate.swift */ = {isa = PBXFileReference; lastKnownFileType = sourcecode.swift; path = InspectionViewDelegate.swift; sourceTree = "<group>"; };
		235E5B3E29ADAF8300CE9944 /* IndividualInspectionFileTransformStrategy.swift */ = {isa = PBXFileReference; lastKnownFileType = sourcecode.swift; path = IndividualInspectionFileTransformStrategy.swift; sourceTree = "<group>"; };
		235E5B4129AE616300CE9944 /* FileDescriptorEventDelegate.swift */ = {isa = PBXFileReference; lastKnownFileType = sourcecode.swift; path = FileDescriptorEventDelegate.swift; sourceTree = "<group>"; };
		235E5B4329AE66AD00CE9944 /* IndividualFileLoggerViewController.swift */ = {isa = PBXFileReference; lastKnownFileType = sourcecode.swift; path = IndividualFileLoggerViewController.swift; sourceTree = "<group>"; };
		235E5D9529B1153E00CE9944 /* FileAttributesDictionary+Equatable.swift */ = {isa = PBXFileReference; lastKnownFileType = sourcecode.swift; path = "FileAttributesDictionary+Equatable.swift"; sourceTree = "<group>"; };
		235E5FE429B4EDA100CE9944 /* EventLogTableViewCell.swift */ = {isa = PBXFileReference; lastKnownFileType = sourcecode.swift; path = EventLogTableViewCell.swift; sourceTree = "<group>"; };
		235E5FE629B4F18E00CE9944 /* EventLogViewModel.swift */ = {isa = PBXFileReference; lastKnownFileType = sourcecode.swift; path = EventLogViewModel.swift; sourceTree = "<group>"; };
		235E5FE929B4FCCB00CE9944 /* FileResource.swift */ = {isa = PBXFileReference; lastKnownFileType = sourcecode.swift; path = FileResource.swift; sourceTree = "<group>"; };
		23789AD529B4FD5B00694F7E /* FileResourceToken.swift */ = {isa = PBXFileReference; lastKnownFileType = sourcecode.swift; path = FileResourceToken.swift; sourceTree = "<group>"; };
		23789AD729B4FD8700694F7E /* DirectoryResourceObserver.swift */ = {isa = PBXFileReference; lastKnownFileType = sourcecode.swift; path = DirectoryResourceObserver.swift; sourceTree = "<group>"; };
		23789AD929B4FE1800694F7E /* FileObservedEvent.swift */ = {isa = PBXFileReference; lastKnownFileType = sourcecode.swift; path = FileObservedEvent.swift; sourceTree = "<group>"; };
		23789ADB29B4FE4400694F7E /* FileResourceRegistry.swift */ = {isa = PBXFileReference; lastKnownFileType = sourcecode.swift; path = FileResourceRegistry.swift; sourceTree = "<group>"; };
		23C3863129BA31B700F82942 /* DirectoryResourceObserverDelegate.swift */ = {isa = PBXFileReference; lastKnownFileType = sourcecode.swift; path = DirectoryResourceObserverDelegate.swift; sourceTree = "<group>"; };
		23C3863329BA89E800F82942 /* AllFilesDynamicTableViewController.swift */ = {isa = PBXFileReference; lastKnownFileType = sourcecode.swift; path = AllFilesDynamicTableViewController.swift; sourceTree = "<group>"; };
		23C3863529BA8B6200F82942 /* RepresentedFileTableViewCell.swift */ = {isa = PBXFileReference; lastKnownFileType = sourcecode.swift; path = RepresentedFileTableViewCell.swift; sourceTree = "<group>"; };
		23C3909729C9017E00F82942 /* InspectionsController.swift */ = {isa = PBXFileReference; lastKnownFileType = sourcecode.swift; path = InspectionsController.swift; sourceTree = "<group>"; };
		23C3909929C9060500F82942 /* FileTransformer.swift */ = {isa = PBXFileReference; lastKnownFileType = sourcecode.swift; path = FileTransformer.swift; sourceTree = "<group>"; };
		23F9DC2129A5AA8000EE2777 /* FileDescriptorTableViewCell.swift */ = {isa = PBXFileReference; lastKnownFileType = sourcecode.swift; path = FileDescriptorTableViewCell.swift; sourceTree = "<group>"; };
		23F9DC2729A6CB1A00EE2777 /* FileManager+Extensions.swift */ = {isa = PBXFileReference; lastKnownFileType = sourcecode.swift; path = "FileManager+Extensions.swift"; sourceTree = "<group>"; };
		23F9DC2B29A6D0D500EE2777 /* UTType+Convenience.swift */ = {isa = PBXFileReference; lastKnownFileType = sourcecode.swift; path = "UTType+Convenience.swift"; sourceTree = "<group>"; };
/* End PBXFileReference section */

/* Begin PBXFrameworksBuildPhase section */
		230A73CB29A4201F00B0A7B8 /* Frameworks */ = {
			isa = PBXFrameworksBuildPhase;
			buildActionMask = 2147483647;
			files = (
				235E5C6C29AFB6C200CE9944 /* AsyncAlgorithms in Frameworks */,
			);
			runOnlyForDeploymentPostprocessing = 0;
		};
/* End PBXFrameworksBuildPhase section */

/* Begin PBXGroup section */
		230A73C529A4201E00B0A7B8 = {
			isa = PBXGroup;
			children = (
				230A73D029A4201F00B0A7B8 /* File System Watching */,
				230A73CF29A4201F00B0A7B8 /* Products */,
			);
			sourceTree = "<group>";
		};
		230A73CF29A4201F00B0A7B8 /* Products */ = {
			isa = PBXGroup;
			children = (
				230A73CE29A4201F00B0A7B8 /* File System Watching.app */,
			);
			name = Products;
			sourceTree = "<group>";
		};
		230A73D029A4201F00B0A7B8 /* File System Watching */ = {
			isa = PBXGroup;
			children = (
				235E5FE829B4FCA300CE9944 /* Registry - Iteration */,
				235E5A0829AD4C5800CE9944 /* Transform Strategy - Iteration */,
				235E5A0729AD4C3A00CE9944 /* Common */,
				230A73DF29A4202100B0A7B8 /* Info.plist */,
				235E5A0629AD4C1800CE9944 /* Extensions */,
				235E5A0429AD4BC400CE9944 /* App Delegate */,
			);
			path = "File System Watching";
			sourceTree = "<group>";
		};
		235E5A0429AD4BC400CE9944 /* App Delegate */ = {
			isa = PBXGroup;
			children = (
				230A73DA29A4202100B0A7B8 /* Assets.xcassets */,
				230A751429A4319600B0A7B8 /* Main.storyboard */,
				230A73D329A4201F00B0A7B8 /* SceneDelegate.swift */,
				230A73D129A4201F00B0A7B8 /* AppDelegate.swift */,
			);
			path = "App Delegate";
			sourceTree = "<group>";
		};
		235E5A0629AD4C1800CE9944 /* Extensions */ = {
			isa = PBXGroup;
			children = (
				23F9DC2B29A6D0D500EE2777 /* UTType+Convenience.swift */,
				23F9DC2729A6CB1A00EE2777 /* FileManager+Extensions.swift */,
				235E5D9529B1153E00CE9944 /* FileAttributesDictionary+Equatable.swift */,
			);
			path = Extensions;
			sourceTree = "<group>";
		};
		235E5A0729AD4C3A00CE9944 /* Common */ = {
			isa = PBXGroup;
			children = (
				230A73E729A4265D00B0A7B8 /* FileDescriptor.swift */,
				235E58CB29ABD57D00CE9944 /* SegmentedFileWatcherViewController.swift */,
			);
			path = Common;
			sourceTree = "<group>";
		};
		235E5A0829AD4C5800CE9944 /* Transform Strategy - Iteration */ = {
			isa = PBXGroup;
			children = (
				23C3862E29B938F000F82942 /* Integration */,
				23C3862C29B9387000F82942 /* Strategies */,
				23C3862B29B9385600F82942 /* Views */,
				235E5B4029ADB8C100CE9944 /* View Model */,
			);
			path = "Transform Strategy - Iteration";
			sourceTree = "<group>";
		};
		235E5B4029ADB8C100CE9944 /* View Model */ = {
			isa = PBXGroup;
			children = (
				235E59FE29AD1E0700CE9944 /* FileDescriptorViewModel.swift */,
				235E5A0D29AD57D500CE9944 /* FileDescriptorViewDelegate.swift */,
				235E5A0F29AD57F600CE9944 /* InspectionViewDelegate.swift */,
				235E5A0B29AD578100CE9944 /* InspectionViewModel.swift */,
			);
			path = "View Model";
			sourceTree = "<group>";
		};
		235E5FE829B4FCA300CE9944 /* Registry - Iteration */ = {
			isa = PBXGroup;
			children = (
				23C3863029BA319A00F82942 /* Notification - Options */,
				23C3862F29B9390B00F82942 /* View */,
				23C3862D29B9388900F82942 /* Integration */,
			);
			path = "Registry - Iteration";
			sourceTree = "<group>";
		};
		23C3862B29B9385600F82942 /* Views */ = {
			isa = PBXGroup;
			children = (
				230A73D529A4201F00B0A7B8 /* FileTableViewController.swift */,
				23F9DC2129A5AA8000EE2777 /* FileDescriptorTableViewCell.swift */,
				235E5A0929AD55E700CE9944 /* InspectionTableViewController.swift */,
				235E5B4329AE66AD00CE9944 /* IndividualFileLoggerViewController.swift */,
			);
			path = Views;
			sourceTree = "<group>";
		};
		23C3862C29B9387000F82942 /* Strategies */ = {
			isa = PBXGroup;
			children = (
				235E5A0029AD473F00CE9944 /* InspectionsDecodingTransformationStrategy.swift */,
				235E58D729AD1A6B00CE9944 /* JSONFilesTransformationStrategy.swift */,
				235E58D329AD0C4800CE9944 /* FileDescriptorEventTransformStrategy.swift */,
				235E58D529AD190E00CE9944 /* TotalFilesTransformationStrategy.swift */,
				235E5B3E29ADAF8300CE9944 /* IndividualInspectionFileTransformStrategy.swift */,
			);
			path = Strategies;
			sourceTree = "<group>";
		};
		23C3862D29B9388900F82942 /* Integration */ = {
			isa = PBXGroup;
			children = (
				235E5FE929B4FCCB00CE9944 /* FileResource.swift */,
				23789AD529B4FD5B00694F7E /* FileResourceToken.swift */,
				23789AD729B4FD8700694F7E /* DirectoryResourceObserver.swift */,
				23789AD929B4FE1800694F7E /* FileObservedEvent.swift */,
				23789ADB29B4FE4400694F7E /* FileResourceRegistry.swift */,
			);
			path = Integration;
			sourceTree = "<group>";
		};
		23C3862E29B938F000F82942 /* Integration */ = {
			isa = PBXGroup;
			children = (
				235E5B4129AE616300CE9944 /* FileDescriptorEventDelegate.swift */,
				235E58D129AD0C0400CE9944 /* FileWatcherCoordinator.swift */,
				235E58CF29AD073500CE9944 /* FileDescriptorEvent.swift */,
				235E57A429A9030B00CE9944 /* FileSystemEventPropagator.swift */,
				230A73E529A421EA00B0A7B8 /* FileWatcher.swift */,
				235E57A229A9014000CE9944 /* FileSystemObservable.swift */,
			);
			path = Integration;
			sourceTree = "<group>";
		};
		23C3862F29B9390B00F82942 /* View */ = {
			isa = PBXGroup;
			children = (
				235E5A0229AD4BAF00CE9944 /* EventLoggerViewController.swift */,
				235E5FE429B4EDA100CE9944 /* EventLogTableViewCell.swift */,
				235E5FE629B4F18E00CE9944 /* EventLogViewModel.swift */,
				23C3863329BA89E800F82942 /* AllFilesDynamicTableViewController.swift */,
				23C3863529BA8B6200F82942 /* RepresentedFileTableViewCell.swift */,
			);
			path = View;
			sourceTree = "<group>";
		};
		23C3863029BA319A00F82942 /* Notification - Options */ = {
			isa = PBXGroup;
			children = (
				23C3863129BA31B700F82942 /* DirectoryResourceObserverDelegate.swift */,
				23C3909729C9017E00F82942 /* InspectionsController.swift */,
				23C3909929C9060500F82942 /* FileTransformer.swift */,
			);
			path = "Notification - Options";
			sourceTree = "<group>";
		};
/* End PBXGroup section */

/* Begin PBXNativeTarget section */
		230A73CD29A4201F00B0A7B8 /* File System Watching */ = {
			isa = PBXNativeTarget;
			buildConfigurationList = 230A73E229A4202100B0A7B8 /* Build configuration list for PBXNativeTarget "File System Watching" */;
			buildPhases = (
				230A73CA29A4201F00B0A7B8 /* Sources */,
				230A73CB29A4201F00B0A7B8 /* Frameworks */,
				230A73CC29A4201F00B0A7B8 /* Resources */,
			);
			buildRules = (
			);
			dependencies = (
			);
			name = "File System Watching";
			packageProductDependencies = (
				235E5C6B29AFB6C200CE9944 /* AsyncAlgorithms */,
			);
			productName = "File System Watching";
			productReference = 230A73CE29A4201F00B0A7B8 /* File System Watching.app */;
			productType = "com.apple.product-type.application";
		};
/* End PBXNativeTarget section */

/* Begin PBXProject section */
		230A73C629A4201E00B0A7B8 /* Project object */ = {
			isa = PBXProject;
			attributes = {
				BuildIndependentTargetsInParallel = 1;
				LastSwiftUpdateCheck = 1420;
				LastUpgradeCheck = 1420;
				TargetAttributes = {
					230A73CD29A4201F00B0A7B8 = {
						CreatedOnToolsVersion = 14.2;
					};
				};
			};
			buildConfigurationList = 230A73C929A4201E00B0A7B8 /* Build configuration list for PBXProject "File System Watching" */;
			compatibilityVersion = "Xcode 14.0";
			developmentRegion = en;
			hasScannedForEncodings = 0;
			knownRegions = (
				en,
				Base,
			);
			mainGroup = 230A73C529A4201E00B0A7B8;
			packageReferences = (
				235E5C6A29AFB6C200CE9944 /* XCRemoteSwiftPackageReference "swift-async-algorithms" */,
			);
			productRefGroup = 230A73CF29A4201F00B0A7B8 /* Products */;
			projectDirPath = "";
			projectRoot = "";
			targets = (
				230A73CD29A4201F00B0A7B8 /* File System Watching */,
			);
		};
/* End PBXProject section */

/* Begin PBXResourcesBuildPhase section */
		230A73CC29A4201F00B0A7B8 /* Resources */ = {
			isa = PBXResourcesBuildPhase;
			buildActionMask = 2147483647;
			files = (
				230A751529A4319600B0A7B8 /* Main.storyboard in Resources */,
				230A73DB29A4202100B0A7B8 /* Assets.xcassets in Resources */,
			);
			runOnlyForDeploymentPostprocessing = 0;
		};
/* End PBXResourcesBuildPhase section */

/* Begin PBXSourcesBuildPhase section */
		230A73CA29A4201F00B0A7B8 /* Sources */ = {
			isa = PBXSourcesBuildPhase;
			buildActionMask = 2147483647;
			files = (
				235E58CC29ABD57D00CE9944 /* SegmentedFileWatcherViewController.swift in Sources */,
				23C3863229BA31B700F82942 /* DirectoryResourceObserverDelegate.swift in Sources */,
				235E5A0A29AD55E700CE9944 /* InspectionTableViewController.swift in Sources */,
				235E5FE729B4F18E00CE9944 /* EventLogViewModel.swift in Sources */,
				230A73E629A421EA00B0A7B8 /* FileWatcher.swift in Sources */,
				235E57A329A9014000CE9944 /* FileSystemObservable.swift in Sources */,
				235E5A0E29AD57D500CE9944 /* FileDescriptorViewDelegate.swift in Sources */,
				235E5FE529B4EDA100CE9944 /* EventLogTableViewCell.swift in Sources */,
				235E5B4229AE616300CE9944 /* FileDescriptorEventDelegate.swift in Sources */,
				235E5A0129AD473F00CE9944 /* InspectionsDecodingTransformationStrategy.swift in Sources */,
				235E58D829AD1A6B00CE9944 /* JSONFilesTransformationStrategy.swift in Sources */,
				23C3863629BA8B6200F82942 /* RepresentedFileTableViewCell.swift in Sources */,
				235E58D029AD073500CE9944 /* FileDescriptorEvent.swift in Sources */,
				23F9DC2C29A6D0D500EE2777 /* UTType+Convenience.swift in Sources */,
				230A73D629A4201F00B0A7B8 /* FileTableViewController.swift in Sources */,
				235E58D629AD190E00CE9944 /* TotalFilesTransformationStrategy.swift in Sources */,
				230A73D229A4201F00B0A7B8 /* AppDelegate.swift in Sources */,
				23F9DC2829A6CB1A00EE2777 /* FileManager+Extensions.swift in Sources */,
				23789AD629B4FD5B00694F7E /* FileResourceToken.swift in Sources */,
				23C3863429BA89E800F82942 /* AllFilesDynamicTableViewController.swift in Sources */,
				23C3909A29C9060500F82942 /* FileTransformer.swift in Sources */,
				235E57A529A9030B00CE9944 /* FileSystemEventPropagator.swift in Sources */,
				23C3909829C9017E00F82942 /* InspectionsController.swift in Sources */,
				23789ADC29B4FE4400694F7E /* FileResourceRegistry.swift in Sources */,
				23789ADA29B4FE1800694F7E /* FileObservedEvent.swift in Sources */,
				235E5B3F29ADAF8300CE9944 /* IndividualInspectionFileTransformStrategy.swift in Sources */,
				235E5A0C29AD578100CE9944 /* InspectionViewModel.swift in Sources */,
				230A73D429A4201F00B0A7B8 /* SceneDelegate.swift in Sources */,
				235E5A0329AD4BAF00CE9944 /* EventLoggerViewController.swift in Sources */,
				230A73E829A4265D00B0A7B8 /* FileDescriptor.swift in Sources */,
				235E58D229AD0C0400CE9944 /* FileWatcherCoordinator.swift in Sources */,
				235E5FEA29B4FCCB00CE9944 /* FileResource.swift in Sources */,
				235E5B4429AE66AD00CE9944 /* IndividualFileLoggerViewController.swift in Sources */,
				235E5A1029AD57F600CE9944 /* InspectionViewDelegate.swift in Sources */,
				235E5D9629B1153E00CE9944 /* FileAttributesDictionary+Equatable.swift in Sources */,
				235E59FF29AD1E0800CE9944 /* FileDescriptorViewModel.swift in Sources */,
				235E58D429AD0C4800CE9944 /* FileDescriptorEventTransformStrategy.swift in Sources */,
				23F9DC2229A5AA8000EE2777 /* FileDescriptorTableViewCell.swift in Sources */,
				23789AD829B4FD8700694F7E /* DirectoryResourceObserver.swift in Sources */,
			);
			runOnlyForDeploymentPostprocessing = 0;
		};
/* End PBXSourcesBuildPhase section */

/* Begin XCBuildConfiguration section */
		230A73E029A4202100B0A7B8 /* Debug */ = {
			isa = XCBuildConfiguration;
			buildSettings = {
				ALWAYS_SEARCH_USER_PATHS = NO;
				CLANG_ANALYZER_NONNULL = YES;
				CLANG_ANALYZER_NUMBER_OBJECT_CONVERSION = YES_AGGRESSIVE;
				CLANG_CXX_LANGUAGE_STANDARD = "gnu++20";
				CLANG_ENABLE_MODULES = YES;
				CLANG_ENABLE_OBJC_ARC = YES;
				CLANG_ENABLE_OBJC_WEAK = YES;
				CLANG_WARN_BLOCK_CAPTURE_AUTORELEASING = YES;
				CLANG_WARN_BOOL_CONVERSION = YES;
				CLANG_WARN_COMMA = YES;
				CLANG_WARN_CONSTANT_CONVERSION = YES;
				CLANG_WARN_DEPRECATED_OBJC_IMPLEMENTATIONS = YES;
				CLANG_WARN_DIRECT_OBJC_ISA_USAGE = YES_ERROR;
				CLANG_WARN_DOCUMENTATION_COMMENTS = YES;
				CLANG_WARN_EMPTY_BODY = YES;
				CLANG_WARN_ENUM_CONVERSION = YES;
				CLANG_WARN_INFINITE_RECURSION = YES;
				CLANG_WARN_INT_CONVERSION = YES;
				CLANG_WARN_NON_LITERAL_NULL_CONVERSION = YES;
				CLANG_WARN_OBJC_IMPLICIT_RETAIN_SELF = YES;
				CLANG_WARN_OBJC_LITERAL_CONVERSION = YES;
				CLANG_WARN_OBJC_ROOT_CLASS = YES_ERROR;
				CLANG_WARN_QUOTED_INCLUDE_IN_FRAMEWORK_HEADER = YES;
				CLANG_WARN_RANGE_LOOP_ANALYSIS = YES;
				CLANG_WARN_STRICT_PROTOTYPES = YES;
				CLANG_WARN_SUSPICIOUS_MOVE = YES;
				CLANG_WARN_UNGUARDED_AVAILABILITY = YES_AGGRESSIVE;
				CLANG_WARN_UNREACHABLE_CODE = YES;
				CLANG_WARN__DUPLICATE_METHOD_MATCH = YES;
				COPY_PHASE_STRIP = NO;
				DEBUG_INFORMATION_FORMAT = dwarf;
				ENABLE_STRICT_OBJC_MSGSEND = YES;
				ENABLE_TESTABILITY = YES;
				GCC_C_LANGUAGE_STANDARD = gnu11;
				GCC_DYNAMIC_NO_PIC = NO;
				GCC_NO_COMMON_BLOCKS = YES;
				GCC_OPTIMIZATION_LEVEL = 0;
				GCC_PREPROCESSOR_DEFINITIONS = (
					"DEBUG=1",
					"$(inherited)",
				);
				GCC_WARN_64_TO_32_BIT_CONVERSION = YES;
				GCC_WARN_ABOUT_RETURN_TYPE = YES_ERROR;
				GCC_WARN_UNDECLARED_SELECTOR = YES;
				GCC_WARN_UNINITIALIZED_AUTOS = YES_AGGRESSIVE;
				GCC_WARN_UNUSED_FUNCTION = YES;
				GCC_WARN_UNUSED_VARIABLE = YES;
				IPHONEOS_DEPLOYMENT_TARGET = 16.2;
				MTL_ENABLE_DEBUG_INFO = INCLUDE_SOURCE;
				MTL_FAST_MATH = YES;
				ONLY_ACTIVE_ARCH = YES;
				SDKROOT = iphoneos;
				SWIFT_ACTIVE_COMPILATION_CONDITIONS = DEBUG;
				SWIFT_OPTIMIZATION_LEVEL = "-Onone";
			};
			name = Debug;
		};
		230A73E129A4202100B0A7B8 /* Release */ = {
			isa = XCBuildConfiguration;
			buildSettings = {
				ALWAYS_SEARCH_USER_PATHS = NO;
				CLANG_ANALYZER_NONNULL = YES;
				CLANG_ANALYZER_NUMBER_OBJECT_CONVERSION = YES_AGGRESSIVE;
				CLANG_CXX_LANGUAGE_STANDARD = "gnu++20";
				CLANG_ENABLE_MODULES = YES;
				CLANG_ENABLE_OBJC_ARC = YES;
				CLANG_ENABLE_OBJC_WEAK = YES;
				CLANG_WARN_BLOCK_CAPTURE_AUTORELEASING = YES;
				CLANG_WARN_BOOL_CONVERSION = YES;
				CLANG_WARN_COMMA = YES;
				CLANG_WARN_CONSTANT_CONVERSION = YES;
				CLANG_WARN_DEPRECATED_OBJC_IMPLEMENTATIONS = YES;
				CLANG_WARN_DIRECT_OBJC_ISA_USAGE = YES_ERROR;
				CLANG_WARN_DOCUMENTATION_COMMENTS = YES;
				CLANG_WARN_EMPTY_BODY = YES;
				CLANG_WARN_ENUM_CONVERSION = YES;
				CLANG_WARN_INFINITE_RECURSION = YES;
				CLANG_WARN_INT_CONVERSION = YES;
				CLANG_WARN_NON_LITERAL_NULL_CONVERSION = YES;
				CLANG_WARN_OBJC_IMPLICIT_RETAIN_SELF = YES;
				CLANG_WARN_OBJC_LITERAL_CONVERSION = YES;
				CLANG_WARN_OBJC_ROOT_CLASS = YES_ERROR;
				CLANG_WARN_QUOTED_INCLUDE_IN_FRAMEWORK_HEADER = YES;
				CLANG_WARN_RANGE_LOOP_ANALYSIS = YES;
				CLANG_WARN_STRICT_PROTOTYPES = YES;
				CLANG_WARN_SUSPICIOUS_MOVE = YES;
				CLANG_WARN_UNGUARDED_AVAILABILITY = YES_AGGRESSIVE;
				CLANG_WARN_UNREACHABLE_CODE = YES;
				CLANG_WARN__DUPLICATE_METHOD_MATCH = YES;
				COPY_PHASE_STRIP = NO;
				DEBUG_INFORMATION_FORMAT = "dwarf-with-dsym";
				ENABLE_NS_ASSERTIONS = NO;
				ENABLE_STRICT_OBJC_MSGSEND = YES;
				GCC_C_LANGUAGE_STANDARD = gnu11;
				GCC_NO_COMMON_BLOCKS = YES;
				GCC_WARN_64_TO_32_BIT_CONVERSION = YES;
				GCC_WARN_ABOUT_RETURN_TYPE = YES_ERROR;
				GCC_WARN_UNDECLARED_SELECTOR = YES;
				GCC_WARN_UNINITIALIZED_AUTOS = YES_AGGRESSIVE;
				GCC_WARN_UNUSED_FUNCTION = YES;
				GCC_WARN_UNUSED_VARIABLE = YES;
				IPHONEOS_DEPLOYMENT_TARGET = 16.2;
				MTL_ENABLE_DEBUG_INFO = NO;
				MTL_FAST_MATH = YES;
				SDKROOT = iphoneos;
				SWIFT_COMPILATION_MODE = wholemodule;
				SWIFT_OPTIMIZATION_LEVEL = "-O";
				VALIDATE_PRODUCT = YES;
			};
			name = Release;
		};
		230A73E329A4202100B0A7B8 /* Debug */ = {
			isa = XCBuildConfiguration;
			buildSettings = {
				ASSETCATALOG_COMPILER_APPICON_NAME = AppIcon;
				ASSETCATALOG_COMPILER_GLOBAL_ACCENT_COLOR_NAME = AccentColor;
				CODE_SIGN_STYLE = Automatic;
				CURRENT_PROJECT_VERSION = 1;
				DEVELOPMENT_TEAM = PR424UFHWJ;
				GENERATE_INFOPLIST_FILE = YES;
				INFOPLIST_FILE = "File System Watching/Info.plist";
				INFOPLIST_KEY_UIApplicationSupportsIndirectInputEvents = YES;
				INFOPLIST_KEY_UILaunchStoryboardName = LaunchScreen;
				INFOPLIST_KEY_UIMainStoryboardFile = Main;
				INFOPLIST_KEY_UISupportedInterfaceOrientations_iPad = "UIInterfaceOrientationPortrait UIInterfaceOrientationPortraitUpsideDown UIInterfaceOrientationLandscapeLeft UIInterfaceOrientationLandscapeRight";
				INFOPLIST_KEY_UISupportedInterfaceOrientations_iPhone = "UIInterfaceOrientationPortrait UIInterfaceOrientationLandscapeLeft UIInterfaceOrientationLandscapeRight";
				LD_RUNPATH_SEARCH_PATHS = (
					"$(inherited)",
					"@executable_path/Frameworks",
				);
				MARKETING_VERSION = 1.0;
				PRODUCT_BUNDLE_IDENTIFIER = "Charlie-Treat.File-System-Watching";
				PRODUCT_NAME = "$(TARGET_NAME)";
				SWIFT_EMIT_LOC_STRINGS = YES;
				SWIFT_VERSION = 5.0;
				TARGETED_DEVICE_FAMILY = "1,2";
			};
			name = Debug;
		};
		230A73E429A4202100B0A7B8 /* Release */ = {
			isa = XCBuildConfiguration;
			buildSettings = {
				ASSETCATALOG_COMPILER_APPICON_NAME = AppIcon;
				ASSETCATALOG_COMPILER_GLOBAL_ACCENT_COLOR_NAME = AccentColor;
				CODE_SIGN_STYLE = Automatic;
				CURRENT_PROJECT_VERSION = 1;
				DEVELOPMENT_TEAM = PR424UFHWJ;
				GENERATE_INFOPLIST_FILE = YES;
				INFOPLIST_FILE = "File System Watching/Info.plist";
				INFOPLIST_KEY_UIApplicationSupportsIndirectInputEvents = YES;
				INFOPLIST_KEY_UILaunchStoryboardName = LaunchScreen;
				INFOPLIST_KEY_UIMainStoryboardFile = Main;
				INFOPLIST_KEY_UISupportedInterfaceOrientations_iPad = "UIInterfaceOrientationPortrait UIInterfaceOrientationPortraitUpsideDown UIInterfaceOrientationLandscapeLeft UIInterfaceOrientationLandscapeRight";
				INFOPLIST_KEY_UISupportedInterfaceOrientations_iPhone = "UIInterfaceOrientationPortrait UIInterfaceOrientationLandscapeLeft UIInterfaceOrientationLandscapeRight";
				LD_RUNPATH_SEARCH_PATHS = (
					"$(inherited)",
					"@executable_path/Frameworks",
				);
				MARKETING_VERSION = 1.0;
				PRODUCT_BUNDLE_IDENTIFIER = "Charlie-Treat.File-System-Watching";
				PRODUCT_NAME = "$(TARGET_NAME)";
				SWIFT_EMIT_LOC_STRINGS = YES;
				SWIFT_VERSION = 5.0;
				TARGETED_DEVICE_FAMILY = "1,2";
			};
			name = Release;
		};
/* End XCBuildConfiguration section */

/* Begin XCConfigurationList section */
		230A73C929A4201E00B0A7B8 /* Build configuration list for PBXProject "File System Watching" */ = {
			isa = XCConfigurationList;
			buildConfigurations = (
				230A73E029A4202100B0A7B8 /* Debug */,
				230A73E129A4202100B0A7B8 /* Release */,
			);
			defaultConfigurationIsVisible = 0;
			defaultConfigurationName = Release;
		};
		230A73E229A4202100B0A7B8 /* Build configuration list for PBXNativeTarget "File System Watching" */ = {
			isa = XCConfigurationList;
			buildConfigurations = (
				230A73E329A4202100B0A7B8 /* Debug */,
				230A73E429A4202100B0A7B8 /* Release */,
			);
			defaultConfigurationIsVisible = 0;
			defaultConfigurationName = Release;
		};
/* End XCConfigurationList section */

/* Begin XCRemoteSwiftPackageReference section */
		235E5C6A29AFB6C200CE9944 /* XCRemoteSwiftPackageReference "swift-async-algorithms" */ = {
			isa = XCRemoteSwiftPackageReference;
			repositoryURL = "https://github.com/apple/swift-async-algorithms";
			requirement = {
				kind = upToNextMajorVersion;
				minimumVersion = 0.1.0;
			};
		};
/* End XCRemoteSwiftPackageReference section */

/* Begin XCSwiftPackageProductDependency section */
		235E5C6B29AFB6C200CE9944 /* AsyncAlgorithms */ = {
			isa = XCSwiftPackageProductDependency;
			package = 235E5C6A29AFB6C200CE9944 /* XCRemoteSwiftPackageReference "swift-async-algorithms" */;
			productName = AsyncAlgorithms;
		};
/* End XCSwiftPackageProductDependency section */
	};
	rootObject = 230A73C629A4201E00B0A7B8 /* Project object */;
}
